
Microsoft Visual Studio Solution File, Format Version 12.00
# Visual Studio Version 16
VisualStudioVersion = 16.0.28922.388
MinimumVisualStudioVersion = 10.0.40219.1
Project("{2150E333-8FDC-42A3-9474-1A3956D46DE8}") = "Support", "Support", "{C6A1E57B-367C-431A-8934-B11D17D88718}"
	ProjectSection(SolutionItems) = preProject
		x360ce\Support\changelog.txt = x360ce\Support\changelog.txt
		x360ce\Support\ReadMe.RTF = x360ce\Support\ReadMe.RTF
		x360ce\Support\usb-detection.pdf = x360ce\Support\usb-detection.pdf
	EndProjectSection
EndProject
Project("{FAE04EC0-301F-11D3-BF4B-00C04F79EFBC}") = "x360ce.App", "x360ce.App\x360ce.App.csproj", "{1D4EDC24-FD61-4234-AE60-5FA676DDEC3C}"
EndProject
Project("{00D1A9C2-B5F0-4AF3-8072-F6C62B433612}") = "x360ce.Data", "x360ce.Data\x360ce.Data.sqlproj", "{2DB521F4-E49D-4E7A-B1B9-52A8ACD37415}"
EndProject
Project("{FAE04EC0-301F-11D3-BF4B-00C04F79EFBC}") = "x360ce.Web", "x360ce.Web\x360ce.Web.csproj", "{EE2589B6-B2F3-44F9-A95C-17EBF74788FB}"
EndProject
Project("{FAE04EC0-301F-11D3-BF4B-00C04F79EFBC}") = "x360ce.Engine", "x360ce.Engine\x360ce.Engine.csproj", "{F980D78A-9448-4834-A6FE-84797077D309}"
EndProject
Project("{8BC9CEB8-8B4A-11D0-8D11-00A0C91BC942}") = "Common", "x360ce\Common\Common.vcxproj", "{0CAEE158-51E4-4C81-8CAC-F39F744DAF2D}"
EndProject
Project("{8BC9CEB8-8B4A-11D0-8D11-00A0C91BC942}") = "dinput8", "x360ce\dinput8\dinput8.vcxproj", "{FE3BC27D-9B4F-4063-A6A5-04B38F79AD64}"
EndProject
Project("{8BC9CEB8-8B4A-11D0-8D11-00A0C91BC942}") = "ditool", "x360ce\ditool\ditool.vcxproj", "{7BC57D19-1819-42D7-8F3B-DFF5ED66C750}"
EndProject
Project("{8BC9CEB8-8B4A-11D0-8D11-00A0C91BC942}") = "InputHook", "x360ce\InputHook\InputHook.vcxproj", "{4CF76641-C60B-4A26-8F44-DAA67B30512A}"
EndProject
Project("{8BC9CEB8-8B4A-11D0-8D11-00A0C91BC942}") = "x360ce", "x360ce\x360ce\x360ce.vcxproj", "{303D4435-7541-4357-91B1-CC9DA7E0E926}"
EndProject
Project("{2150E333-8FDC-42A3-9474-1A3956D46DE8}") = "Solution Items", "Solution Items", "{2C4AA67E-A4C0-41CC-BEA1-FEF3BDD4BE0B}"
	ProjectSection(SolutionItems) = preProject
		x360ce.sln.vsspell = x360ce.sln.vsspell
	EndProjectSection
EndProject
Project("{2150E333-8FDC-42A3-9474-1A3956D46DE8}") = "v3.x", "v3.x", "{2EDA098B-B7B4-4D27-98B3-B19BCF5D7533}"
EndProject
Global
	GlobalSection(SolutionConfigurationPlatforms) = preSolution
		Debug|Any CPU = Debug|Any CPU
		Debug|ARM = Debug|ARM
		Debug|iPhone = Debug|iPhone
		Debug|iPhoneSimulator = Debug|iPhoneSimulator
		Debug|Win32 = Debug|Win32
		Debug|Win32+APP = Debug|Win32+APP
		Debug|x64 = Debug|x64
		Debug|X64+APP = Debug|X64+APP
		Release|Any CPU = Release|Any CPU
		Release|ARM = Release|ARM
		Release|iPhone = Release|iPhone
		Release|iPhoneSimulator = Release|iPhoneSimulator
		Release|Win32 = Release|Win32
		Release|Win32+APP = Release|Win32+APP
		Release|x64 = Release|x64
		Release|X64+APP = Release|X64+APP
	EndGlobalSection
	GlobalSection(ProjectConfigurationPlatforms) = postSolution
		{1D4EDC24-FD61-4234-AE60-5FA676DDEC3C}.Debug|Any CPU.ActiveCfg = Debug|Any CPU
		{1D4EDC24-FD61-4234-AE60-5FA676DDEC3C}.Debug|ARM.ActiveCfg = Debug|Any CPU
		{1D4EDC24-FD61-4234-AE60-5FA676DDEC3C}.Debug|ARM.Build.0 = Debug|Any CPU
		{1D4EDC24-FD61-4234-AE60-5FA676DDEC3C}.Debug|iPhone.ActiveCfg = Debug|Any CPU
		{1D4EDC24-FD61-4234-AE60-5FA676DDEC3C}.Debug|iPhone.Build.0 = Debug|Any CPU
		{1D4EDC24-FD61-4234-AE60-5FA676DDEC3C}.Debug|iPhoneSimulator.ActiveCfg = Debug|Any CPU
		{1D4EDC24-FD61-4234-AE60-5FA676DDEC3C}.Debug|iPhoneSimulator.Build.0 = Debug|Any CPU
		{1D4EDC24-FD61-4234-AE60-5FA676DDEC3C}.Debug|Win32.ActiveCfg = Debug|x86
		{1D4EDC24-FD61-4234-AE60-5FA676DDEC3C}.Debug|Win32+APP.ActiveCfg = Debug|x86
		{1D4EDC24-FD61-4234-AE60-5FA676DDEC3C}.Debug|Win32+APP.Build.0 = Debug|x86
		{1D4EDC24-FD61-4234-AE60-5FA676DDEC3C}.Debug|x64.ActiveCfg = Debug|x64
		{1D4EDC24-FD61-4234-AE60-5FA676DDEC3C}.Debug|X64+APP.ActiveCfg = Debug|x64
		{1D4EDC24-FD61-4234-AE60-5FA676DDEC3C}.Debug|X64+APP.Build.0 = Debug|x64
		{1D4EDC24-FD61-4234-AE60-5FA676DDEC3C}.Release|Any CPU.ActiveCfg = Release|Any CPU
		{1D4EDC24-FD61-4234-AE60-5FA676DDEC3C}.Release|ARM.ActiveCfg = Release|Any CPU
		{1D4EDC24-FD61-4234-AE60-5FA676DDEC3C}.Release|ARM.Build.0 = Release|Any CPU
		{1D4EDC24-FD61-4234-AE60-5FA676DDEC3C}.Release|iPhone.ActiveCfg = Release|Any CPU
		{1D4EDC24-FD61-4234-AE60-5FA676DDEC3C}.Release|iPhone.Build.0 = Release|Any CPU
		{1D4EDC24-FD61-4234-AE60-5FA676DDEC3C}.Release|iPhoneSimulator.ActiveCfg = Release|Any CPU
		{1D4EDC24-FD61-4234-AE60-5FA676DDEC3C}.Release|iPhoneSimulator.Build.0 = Release|Any CPU
		{1D4EDC24-FD61-4234-AE60-5FA676DDEC3C}.Release|Win32.ActiveCfg = Release|x86
		{1D4EDC24-FD61-4234-AE60-5FA676DDEC3C}.Release|Win32+APP.ActiveCfg = Release|x86
		{1D4EDC24-FD61-4234-AE60-5FA676DDEC3C}.Release|Win32+APP.Build.0 = Release|x86
		{1D4EDC24-FD61-4234-AE60-5FA676DDEC3C}.Release|x64.ActiveCfg = Release|x64
		{1D4EDC24-FD61-4234-AE60-5FA676DDEC3C}.Release|X64+APP.ActiveCfg = Release|x64
		{1D4EDC24-FD61-4234-AE60-5FA676DDEC3C}.Release|X64+APP.Build.0 = Release|x64
		{2DB521F4-E49D-4E7A-B1B9-52A8ACD37415}.Debug|Any CPU.ActiveCfg = Debug|Any CPU
		{2DB521F4-E49D-4E7A-B1B9-52A8ACD37415}.Debug|ARM.ActiveCfg = Debug|Any CPU
		{2DB521F4-E49D-4E7A-B1B9-52A8ACD37415}.Debug|ARM.Build.0 = Debug|Any CPU
		{2DB521F4-E49D-4E7A-B1B9-52A8ACD37415}.Debug|ARM.Deploy.0 = Debug|Any CPU
		{2DB521F4-E49D-4E7A-B1B9-52A8ACD37415}.Debug|iPhone.ActiveCfg = Debug|Any CPU
		{2DB521F4-E49D-4E7A-B1B9-52A8ACD37415}.Debug|iPhone.Build.0 = Debug|Any CPU
		{2DB521F4-E49D-4E7A-B1B9-52A8ACD37415}.Debug|iPhone.Deploy.0 = Debug|Any CPU
		{2DB521F4-E49D-4E7A-B1B9-52A8ACD37415}.Debug|iPhoneSimulator.ActiveCfg = Debug|Any CPU
		{2DB521F4-E49D-4E7A-B1B9-52A8ACD37415}.Debug|iPhoneSimulator.Build.0 = Debug|Any CPU
		{2DB521F4-E49D-4E7A-B1B9-52A8ACD37415}.Debug|iPhoneSimulator.Deploy.0 = Debug|Any CPU
		{2DB521F4-E49D-4E7A-B1B9-52A8ACD37415}.Debug|Win32.ActiveCfg = Debug|Any CPU
		{2DB521F4-E49D-4E7A-B1B9-52A8ACD37415}.Debug|Win32+APP.ActiveCfg = Debug|Any CPU
		{2DB521F4-E49D-4E7A-B1B9-52A8ACD37415}.Debug|x64.ActiveCfg = Debug|Any CPU
		{2DB521F4-E49D-4E7A-B1B9-52A8ACD37415}.Debug|X64+APP.ActiveCfg = Debug|Any CPU
		{2DB521F4-E49D-4E7A-B1B9-52A8ACD37415}.Release|Any CPU.ActiveCfg = Release|Any CPU
		{2DB521F4-E49D-4E7A-B1B9-52A8ACD37415}.Release|ARM.ActiveCfg = Release|Any CPU
		{2DB521F4-E49D-4E7A-B1B9-52A8ACD37415}.Release|ARM.Build.0 = Release|Any CPU
		{2DB521F4-E49D-4E7A-B1B9-52A8ACD37415}.Release|ARM.Deploy.0 = Release|Any CPU
		{2DB521F4-E49D-4E7A-B1B9-52A8ACD37415}.Release|iPhone.ActiveCfg = Release|Any CPU
		{2DB521F4-E49D-4E7A-B1B9-52A8ACD37415}.Release|iPhone.Build.0 = Release|Any CPU
		{2DB521F4-E49D-4E7A-B1B9-52A8ACD37415}.Release|iPhone.Deploy.0 = Release|Any CPU
		{2DB521F4-E49D-4E7A-B1B9-52A8ACD37415}.Release|iPhoneSimulator.ActiveCfg = Release|Any CPU
		{2DB521F4-E49D-4E7A-B1B9-52A8ACD37415}.Release|iPhoneSimulator.Build.0 = Release|Any CPU
		{2DB521F4-E49D-4E7A-B1B9-52A8ACD37415}.Release|iPhoneSimulator.Deploy.0 = Release|Any CPU
		{2DB521F4-E49D-4E7A-B1B9-52A8ACD37415}.Release|Win32.ActiveCfg = Release|Any CPU
		{2DB521F4-E49D-4E7A-B1B9-52A8ACD37415}.Release|Win32+APP.ActiveCfg = Release|Any CPU
		{2DB521F4-E49D-4E7A-B1B9-52A8ACD37415}.Release|x64.ActiveCfg = Release|Any CPU
		{2DB521F4-E49D-4E7A-B1B9-52A8ACD37415}.Release|X64+APP.ActiveCfg = Release|Any CPU
		{EE2589B6-B2F3-44F9-A95C-17EBF74788FB}.Debug|Any CPU.ActiveCfg = Debug|Any CPU
		{EE2589B6-B2F3-44F9-A95C-17EBF74788FB}.Debug|Any CPU.Build.0 = Debug|Any CPU
		{EE2589B6-B2F3-44F9-A95C-17EBF74788FB}.Debug|ARM.ActiveCfg = Debug|Any CPU
		{EE2589B6-B2F3-44F9-A95C-17EBF74788FB}.Debug|ARM.Build.0 = Debug|Any CPU
		{EE2589B6-B2F3-44F9-A95C-17EBF74788FB}.Debug|iPhone.ActiveCfg = Debug|Any CPU
		{EE2589B6-B2F3-44F9-A95C-17EBF74788FB}.Debug|iPhone.Build.0 = Debug|Any CPU
		{EE2589B6-B2F3-44F9-A95C-17EBF74788FB}.Debug|iPhoneSimulator.ActiveCfg = Debug|Any CPU
		{EE2589B6-B2F3-44F9-A95C-17EBF74788FB}.Debug|iPhoneSimulator.Build.0 = Debug|Any CPU
		{EE2589B6-B2F3-44F9-A95C-17EBF74788FB}.Debug|Win32.ActiveCfg = Debug|x86
		{EE2589B6-B2F3-44F9-A95C-17EBF74788FB}.Debug|Win32+APP.ActiveCfg = Debug|Any CPU
		{EE2589B6-B2F3-44F9-A95C-17EBF74788FB}.Debug|x64.ActiveCfg = Debug|x64
		{EE2589B6-B2F3-44F9-A95C-17EBF74788FB}.Debug|X64+APP.ActiveCfg = Debug|Any CPU
		{EE2589B6-B2F3-44F9-A95C-17EBF74788FB}.Release|Any CPU.ActiveCfg = Release|Any CPU
		{EE2589B6-B2F3-44F9-A95C-17EBF74788FB}.Release|Any CPU.Build.0 = Release|Any CPU
		{EE2589B6-B2F3-44F9-A95C-17EBF74788FB}.Release|ARM.ActiveCfg = Release|Any CPU
		{EE2589B6-B2F3-44F9-A95C-17EBF74788FB}.Release|ARM.Build.0 = Release|Any CPU
		{EE2589B6-B2F3-44F9-A95C-17EBF74788FB}.Release|iPhone.ActiveCfg = Release|Any CPU
		{EE2589B6-B2F3-44F9-A95C-17EBF74788FB}.Release|iPhone.Build.0 = Release|Any CPU
		{EE2589B6-B2F3-44F9-A95C-17EBF74788FB}.Release|iPhoneSimulator.ActiveCfg = Release|Any CPU
		{EE2589B6-B2F3-44F9-A95C-17EBF74788FB}.Release|iPhoneSimulator.Build.0 = Release|Any CPU
		{EE2589B6-B2F3-44F9-A95C-17EBF74788FB}.Release|Win32.ActiveCfg = Release|x86
		{EE2589B6-B2F3-44F9-A95C-17EBF74788FB}.Release|Win32+APP.ActiveCfg = Release|x86
		{EE2589B6-B2F3-44F9-A95C-17EBF74788FB}.Release|x64.ActiveCfg = Release|x64
		{EE2589B6-B2F3-44F9-A95C-17EBF74788FB}.Release|X64+APP.ActiveCfg = Release|x64
		{F980D78A-9448-4834-A6FE-84797077D309}.Debug|Any CPU.ActiveCfg = Debug|Any CPU
		{F980D78A-9448-4834-A6FE-84797077D309}.Debug|Any CPU.Build.0 = Debug|Any CPU
		{F980D78A-9448-4834-A6FE-84797077D309}.Debug|ARM.ActiveCfg = Debug|Any CPU
		{F980D78A-9448-4834-A6FE-84797077D309}.Debug|ARM.Build.0 = Debug|Any CPU
		{F980D78A-9448-4834-A6FE-84797077D309}.Debug|iPhone.ActiveCfg = Debug|Any CPU
		{F980D78A-9448-4834-A6FE-84797077D309}.Debug|iPhone.Build.0 = Debug|Any CPU
		{F980D78A-9448-4834-A6FE-84797077D309}.Debug|iPhoneSimulator.ActiveCfg = Debug|Any CPU
		{F980D78A-9448-4834-A6FE-84797077D309}.Debug|iPhoneSimulator.Build.0 = Debug|Any CPU
		{F980D78A-9448-4834-A6FE-84797077D309}.Debug|Win32.ActiveCfg = Debug|x86
		{F980D78A-9448-4834-A6FE-84797077D309}.Debug|Win32+APP.ActiveCfg = Debug|x86
		{F980D78A-9448-4834-A6FE-84797077D309}.Debug|Win32+APP.Build.0 = Debug|x86
		{F980D78A-9448-4834-A6FE-84797077D309}.Debug|x64.ActiveCfg = Debug|x64
		{F980D78A-9448-4834-A6FE-84797077D309}.Debug|X64+APP.ActiveCfg = Debug|x64
		{F980D78A-9448-4834-A6FE-84797077D309}.Debug|X64+APP.Build.0 = Debug|x64
		{F980D78A-9448-4834-A6FE-84797077D309}.Release|Any CPU.ActiveCfg = Release|Any CPU
		{F980D78A-9448-4834-A6FE-84797077D309}.Release|Any CPU.Build.0 = Release|Any CPU
		{F980D78A-9448-4834-A6FE-84797077D309}.Release|ARM.ActiveCfg = Release|Any CPU
		{F980D78A-9448-4834-A6FE-84797077D309}.Release|ARM.Build.0 = Release|Any CPU
		{F980D78A-9448-4834-A6FE-84797077D309}.Release|iPhone.ActiveCfg = Release|Any CPU
		{F980D78A-9448-4834-A6FE-84797077D309}.Release|iPhone.Build.0 = Release|Any CPU
		{F980D78A-9448-4834-A6FE-84797077D309}.Release|iPhoneSimulator.ActiveCfg = Release|Any CPU
		{F980D78A-9448-4834-A6FE-84797077D309}.Release|iPhoneSimulator.Build.0 = Release|Any CPU
		{F980D78A-9448-4834-A6FE-84797077D309}.Release|Win32.ActiveCfg = Release|x86
		{F980D78A-9448-4834-A6FE-84797077D309}.Release|Win32+APP.ActiveCfg = Release|x86
		{F980D78A-9448-4834-A6FE-84797077D309}.Release|Win32+APP.Build.0 = Release|x86
		{F980D78A-9448-4834-A6FE-84797077D309}.Release|x64.ActiveCfg = Release|x64
		{F980D78A-9448-4834-A6FE-84797077D309}.Release|X64+APP.ActiveCfg = Release|x64
		{F980D78A-9448-4834-A6FE-84797077D309}.Release|X64+APP.Build.0 = Release|x64
		{0CAEE158-51E4-4C81-8CAC-F39F744DAF2D}.Debug|Any CPU.ActiveCfg = Debug|Win32
		{0CAEE158-51E4-4C81-8CAC-F39F744DAF2D}.Debug|ARM.ActiveCfg = Debug|Win32
		{0CAEE158-51E4-4C81-8CAC-F39F744DAF2D}.Debug|iPhone.ActiveCfg = Debug|Win32
		{0CAEE158-51E4-4C81-8CAC-F39F744DAF2D}.Debug|iPhoneSimulator.ActiveCfg = Debug|Win32
		{0CAEE158-51E4-4C81-8CAC-F39F744DAF2D}.Debug|Win32.ActiveCfg = Debug|Win32
		{0CAEE158-51E4-4C81-8CAC-F39F744DAF2D}.Debug|Win32.Build.0 = Debug|Win32
		{0CAEE158-51E4-4C81-8CAC-F39F744DAF2D}.Debug|Win32+APP.ActiveCfg = Debug|Win32
		{0CAEE158-51E4-4C81-8CAC-F39F744DAF2D}.Debug|Win32+APP.Build.0 = Debug|Win32
		{0CAEE158-51E4-4C81-8CAC-F39F744DAF2D}.Debug|x64.ActiveCfg = Debug|x64
		{0CAEE158-51E4-4C81-8CAC-F39F744DAF2D}.Debug|x64.Build.0 = Debug|x64
		{0CAEE158-51E4-4C81-8CAC-F39F744DAF2D}.Debug|X64+APP.ActiveCfg = Debug|x64
		{0CAEE158-51E4-4C81-8CAC-F39F744DAF2D}.Debug|X64+APP.Build.0 = Debug|x64
		{0CAEE158-51E4-4C81-8CAC-F39F744DAF2D}.Release|Any CPU.ActiveCfg = Release|Win32
		{0CAEE158-51E4-4C81-8CAC-F39F744DAF2D}.Release|ARM.ActiveCfg = Release|Win32
		{0CAEE158-51E4-4C81-8CAC-F39F744DAF2D}.Release|iPhone.ActiveCfg = Release|Win32
		{0CAEE158-51E4-4C81-8CAC-F39F744DAF2D}.Release|iPhoneSimulator.ActiveCfg = Release|Win32
		{0CAEE158-51E4-4C81-8CAC-F39F744DAF2D}.Release|Win32.ActiveCfg = Release|Win32
		{0CAEE158-51E4-4C81-8CAC-F39F744DAF2D}.Release|Win32.Build.0 = Release|Win32
		{0CAEE158-51E4-4C81-8CAC-F39F744DAF2D}.Release|Win32+APP.ActiveCfg = Release|Win32
		{0CAEE158-51E4-4C81-8CAC-F39F744DAF2D}.Release|Win32+APP.Build.0 = Release|Win32
		{0CAEE158-51E4-4C81-8CAC-F39F744DAF2D}.Release|x64.ActiveCfg = Release|x64
		{0CAEE158-51E4-4C81-8CAC-F39F744DAF2D}.Release|x64.Build.0 = Release|x64
		{0CAEE158-51E4-4C81-8CAC-F39F744DAF2D}.Release|X64+APP.ActiveCfg = Release|x64
		{0CAEE158-51E4-4C81-8CAC-F39F744DAF2D}.Release|X64+APP.Build.0 = Release|x64
		{FE3BC27D-9B4F-4063-A6A5-04B38F79AD64}.Debug|Any CPU.ActiveCfg = Debug|Win32
		{FE3BC27D-9B4F-4063-A6A5-04B38F79AD64}.Debug|ARM.ActiveCfg = Debug|Win32
		{FE3BC27D-9B4F-4063-A6A5-04B38F79AD64}.Debug|iPhone.ActiveCfg = Debug|Win32
		{FE3BC27D-9B4F-4063-A6A5-04B38F79AD64}.Debug|iPhoneSimulator.ActiveCfg = Debug|Win32
		{FE3BC27D-9B4F-4063-A6A5-04B38F79AD64}.Debug|Win32.ActiveCfg = Debug|Win32
		{FE3BC27D-9B4F-4063-A6A5-04B38F79AD64}.Debug|Win32.Build.0 = Debug|Win32
		{FE3BC27D-9B4F-4063-A6A5-04B38F79AD64}.Debug|Win32+APP.ActiveCfg = Debug|Win32
		{FE3BC27D-9B4F-4063-A6A5-04B38F79AD64}.Debug|Win32+APP.Build.0 = Debug|Win32
		{FE3BC27D-9B4F-4063-A6A5-04B38F79AD64}.Debug|x64.ActiveCfg = Debug|x64
		{FE3BC27D-9B4F-4063-A6A5-04B38F79AD64}.Debug|x64.Build.0 = Debug|x64
		{FE3BC27D-9B4F-4063-A6A5-04B38F79AD64}.Debug|X64+APP.ActiveCfg = Debug|x64
		{FE3BC27D-9B4F-4063-A6A5-04B38F79AD64}.Debug|X64+APP.Build.0 = Debug|x64
		{FE3BC27D-9B4F-4063-A6A5-04B38F79AD64}.Release|Any CPU.ActiveCfg = Release|Win32
		{FE3BC27D-9B4F-4063-A6A5-04B38F79AD64}.Release|ARM.ActiveCfg = Release|Win32
		{FE3BC27D-9B4F-4063-A6A5-04B38F79AD64}.Release|iPhone.ActiveCfg = Release|Win32
		{FE3BC27D-9B4F-4063-A6A5-04B38F79AD64}.Release|iPhoneSimulator.ActiveCfg = Release|Win32
		{FE3BC27D-9B4F-4063-A6A5-04B38F79AD64}.Release|Win32.ActiveCfg = Release|Win32
		{FE3BC27D-9B4F-4063-A6A5-04B38F79AD64}.Release|Win32.Build.0 = Release|Win32
		{FE3BC27D-9B4F-4063-A6A5-04B38F79AD64}.Release|Win32+APP.ActiveCfg = Release|Win32
		{FE3BC27D-9B4F-4063-A6A5-04B38F79AD64}.Release|Win32+APP.Build.0 = Release|Win32
		{FE3BC27D-9B4F-4063-A6A5-04B38F79AD64}.Release|x64.ActiveCfg = Release|x64
		{FE3BC27D-9B4F-4063-A6A5-04B38F79AD64}.Release|x64.Build.0 = Release|x64
		{FE3BC27D-9B4F-4063-A6A5-04B38F79AD64}.Release|X64+APP.ActiveCfg = Release|x64
		{FE3BC27D-9B4F-4063-A6A5-04B38F79AD64}.Release|X64+APP.Build.0 = Release|x64
		{7BC57D19-1819-42D7-8F3B-DFF5ED66C750}.Debug|Any CPU.ActiveCfg = Debug|Win32
		{7BC57D19-1819-42D7-8F3B-DFF5ED66C750}.Debug|ARM.ActiveCfg = Debug|Win32
		{7BC57D19-1819-42D7-8F3B-DFF5ED66C750}.Debug|iPhone.ActiveCfg = Debug|Win32
		{7BC57D19-1819-42D7-8F3B-DFF5ED66C750}.Debug|iPhoneSimulator.ActiveCfg = Debug|Win32
		{7BC57D19-1819-42D7-8F3B-DFF5ED66C750}.Debug|Win32.ActiveCfg = Debug|Win32
		{7BC57D19-1819-42D7-8F3B-DFF5ED66C750}.Debug|Win32.Build.0 = Debug|Win32
		{7BC57D19-1819-42D7-8F3B-DFF5ED66C750}.Debug|Win32+APP.ActiveCfg = Debug|Win32
		{7BC57D19-1819-42D7-8F3B-DFF5ED66C750}.Debug|Win32+APP.Build.0 = Debug|Win32
		{7BC57D19-1819-42D7-8F3B-DFF5ED66C750}.Debug|x64.ActiveCfg = Debug|Win32
		{7BC57D19-1819-42D7-8F3B-DFF5ED66C750}.Debug|X64+APP.ActiveCfg = Debug|Win32
		{7BC57D19-1819-42D7-8F3B-DFF5ED66C750}.Release|Any CPU.ActiveCfg = Release|Win32
		{7BC57D19-1819-42D7-8F3B-DFF5ED66C750}.Release|ARM.ActiveCfg = Release|Win32
		{7BC57D19-1819-42D7-8F3B-DFF5ED66C750}.Release|iPhone.ActiveCfg = Release|Win32
		{7BC57D19-1819-42D7-8F3B-DFF5ED66C750}.Release|iPhoneSimulator.ActiveCfg = Release|Win32
		{7BC57D19-1819-42D7-8F3B-DFF5ED66C750}.Release|Win32.ActiveCfg = Release|Win32
		{7BC57D19-1819-42D7-8F3B-DFF5ED66C750}.Release|Win32.Build.0 = Release|Win32
		{7BC57D19-1819-42D7-8F3B-DFF5ED66C750}.Release|Win32+APP.ActiveCfg = Release|Win32
		{7BC57D19-1819-42D7-8F3B-DFF5ED66C750}.Release|Win32+APP.Build.0 = Release|Win32
		{7BC57D19-1819-42D7-8F3B-DFF5ED66C750}.Release|x64.ActiveCfg = Release|Win32
		{7BC57D19-1819-42D7-8F3B-DFF5ED66C750}.Release|X64+APP.ActiveCfg = Release|Win32
		{4CF76641-C60B-4A26-8F44-DAA67B30512A}.Debug|Any CPU.ActiveCfg = Debug|Win32
		{4CF76641-C60B-4A26-8F44-DAA67B30512A}.Debug|ARM.ActiveCfg = Debug|Win32
		{4CF76641-C60B-4A26-8F44-DAA67B30512A}.Debug|iPhone.ActiveCfg = Debug|Win32
		{4CF76641-C60B-4A26-8F44-DAA67B30512A}.Debug|iPhoneSimulator.ActiveCfg = Debug|Win32
		{4CF76641-C60B-4A26-8F44-DAA67B30512A}.Debug|Win32.ActiveCfg = Debug|Win32
		{4CF76641-C60B-4A26-8F44-DAA67B30512A}.Debug|Win32.Build.0 = Debug|Win32
		{4CF76641-C60B-4A26-8F44-DAA67B30512A}.Debug|Win32+APP.ActiveCfg = Debug|Win32
		{4CF76641-C60B-4A26-8F44-DAA67B30512A}.Debug|Win32+APP.Build.0 = Debug|Win32
		{4CF76641-C60B-4A26-8F44-DAA67B30512A}.Debug|x64.ActiveCfg = Debug|x64
		{4CF76641-C60B-4A26-8F44-DAA67B30512A}.Debug|x64.Build.0 = Debug|x64
		{4CF76641-C60B-4A26-8F44-DAA67B30512A}.Debug|X64+APP.ActiveCfg = Debug|x64
		{4CF76641-C60B-4A26-8F44-DAA67B30512A}.Debug|X64+APP.Build.0 = Debug|x64
		{4CF76641-C60B-4A26-8F44-DAA67B30512A}.Release|Any CPU.ActiveCfg = Release|Win32
		{4CF76641-C60B-4A26-8F44-DAA67B30512A}.Release|ARM.ActiveCfg = Release|Win32
		{4CF76641-C60B-4A26-8F44-DAA67B30512A}.Release|iPhone.ActiveCfg = Release|Win32
		{4CF76641-C60B-4A26-8F44-DAA67B30512A}.Release|iPhoneSimulator.ActiveCfg = Release|Win32
		{4CF76641-C60B-4A26-8F44-DAA67B30512A}.Release|Win32.ActiveCfg = Release|Win32
		{4CF76641-C60B-4A26-8F44-DAA67B30512A}.Release|Win32.Build.0 = Release|Win32
		{4CF76641-C60B-4A26-8F44-DAA67B30512A}.Release|Win32+APP.ActiveCfg = Release|Win32
		{4CF76641-C60B-4A26-8F44-DAA67B30512A}.Release|Win32+APP.Build.0 = Release|Win32
		{4CF76641-C60B-4A26-8F44-DAA67B30512A}.Release|x64.ActiveCfg = Release|x64
		{4CF76641-C60B-4A26-8F44-DAA67B30512A}.Release|x64.Build.0 = Release|x64
		{4CF76641-C60B-4A26-8F44-DAA67B30512A}.Release|X64+APP.ActiveCfg = Release|x64
		{4CF76641-C60B-4A26-8F44-DAA67B30512A}.Release|X64+APP.Build.0 = Release|x64
		{303D4435-7541-4357-91B1-CC9DA7E0E926}.Debug|Any CPU.ActiveCfg = Debug|Win32
		{303D4435-7541-4357-91B1-CC9DA7E0E926}.Debug|ARM.ActiveCfg = Debug|Win32
		{303D4435-7541-4357-91B1-CC9DA7E0E926}.Debug|iPhone.ActiveCfg = Debug|Win32
		{303D4435-7541-4357-91B1-CC9DA7E0E926}.Debug|iPhoneSimulator.ActiveCfg = Debug|Win32
		{303D4435-7541-4357-91B1-CC9DA7E0E926}.Debug|Win32.ActiveCfg = Debug|Win32
		{303D4435-7541-4357-91B1-CC9DA7E0E926}.Debug|Win32.Build.0 = Debug|Win32
		{303D4435-7541-4357-91B1-CC9DA7E0E926}.Debug|Win32+APP.ActiveCfg = Debug|Win32
		{303D4435-7541-4357-91B1-CC9DA7E0E926}.Debug|Win32+APP.Build.0 = Debug|Win32
		{303D4435-7541-4357-91B1-CC9DA7E0E926}.Debug|x64.ActiveCfg = Debug|x64
		{303D4435-7541-4357-91B1-CC9DA7E0E926}.Debug|x64.Build.0 = Debug|x64
		{303D4435-7541-4357-91B1-CC9DA7E0E926}.Debug|X64+APP.ActiveCfg = Debug|x64
		{303D4435-7541-4357-91B1-CC9DA7E0E926}.Debug|X64+APP.Build.0 = Debug|x64
		{303D4435-7541-4357-91B1-CC9DA7E0E926}.Release|Any CPU.ActiveCfg = Release|Win32
		{303D4435-7541-4357-91B1-CC9DA7E0E926}.Release|ARM.ActiveCfg = Release|Win32
		{303D4435-7541-4357-91B1-CC9DA7E0E926}.Release|iPhone.ActiveCfg = Release|Win32
		{303D4435-7541-4357-91B1-CC9DA7E0E926}.Release|iPhoneSimulator.ActiveCfg = Release|Win32
		{303D4435-7541-4357-91B1-CC9DA7E0E926}.Release|Win32.ActiveCfg = Release|Win32
		{303D4435-7541-4357-91B1-CC9DA7E0E926}.Release|Win32.Build.0 = Release|Win32
		{303D4435-7541-4357-91B1-CC9DA7E0E926}.Release|Win32+APP.ActiveCfg = Release|Win32
		{303D4435-7541-4357-91B1-CC9DA7E0E926}.Release|Win32+APP.Build.0 = Release|Win32
		{303D4435-7541-4357-91B1-CC9DA7E0E926}.Release|x64.ActiveCfg = Release|x64
		{303D4435-7541-4357-91B1-CC9DA7E0E926}.Release|x64.Build.0 = Release|x64
		{303D4435-7541-4357-91B1-CC9DA7E0E926}.Release|X64+APP.ActiveCfg = Release|x64
		{303D4435-7541-4357-91B1-CC9DA7E0E926}.Release|X64+APP.Build.0 = Release|x64
	EndGlobalSection
	GlobalSection(SolutionProperties) = preSolution
		HideSolutionNode = FALSE
	EndGlobalSection
	GlobalSection(NestedProjects) = preSolution
		{1D4EDC24-FD61-4234-AE60-5FA676DDEC3C} = {2EDA098B-B7B4-4D27-98B3-B19BCF5D7533}
		{0CAEE158-51E4-4C81-8CAC-F39F744DAF2D} = {2EDA098B-B7B4-4D27-98B3-B19BCF5D7533}
		{FE3BC27D-9B4F-4063-A6A5-04B38F79AD64} = {2EDA098B-B7B4-4D27-98B3-B19BCF5D7533}
		{7BC57D19-1819-42D7-8F3B-DFF5ED66C750} = {2EDA098B-B7B4-4D27-98B3-B19BCF5D7533}
		{4CF76641-C60B-4A26-8F44-DAA67B30512A} = {2EDA098B-B7B4-4D27-98B3-B19BCF5D7533}
		{303D4435-7541-4357-91B1-CC9DA7E0E926} = {2EDA098B-B7B4-4D27-98B3-B19BCF5D7533}
	EndGlobalSection
	GlobalSection(ExtensibilityGlobals) = postSolution
		SolutionGuid = {F2C896D5-EE08-4B02-846B-4C17F5817166}
	EndGlobalSection
	GlobalSection(Performance) = preSolution
		HasPerformanceSessions = true
	EndGlobalSection
	GlobalSection(Performance) = preSolution
		HasPerformanceSessions = true
	EndGlobalSection
	GlobalSection(Performance) = preSolution
		HasPerformanceSessions = true
	EndGlobalSection
	GlobalSection(Performance) = preSolution
		HasPerformanceSessions = true
	EndGlobalSection
	GlobalSection(Performance) = preSolution
		HasPerformanceSessions = true
	EndGlobalSection
	GlobalSection(Performance) = preSolution
		HasPerformanceSessions = true
	EndGlobalSection
	GlobalSection(Performance) = preSolution
		HasPerformanceSessions = true
	EndGlobalSection
	GlobalSection(Performance) = preSolution
		HasPerformanceSessions = true
	EndGlobalSection
	GlobalSection(Performance) = preSolution
		HasPerformanceSessions = true
	EndGlobalSection
	GlobalSection(Performance) = preSolution
		HasPerformanceSessions = true
	EndGlobalSection
	GlobalSection(Performance) = preSolution
		HasPerformanceSessions = true
	EndGlobalSection
	GlobalSection(Performance) = preSolution
		HasPerformanceSessions = true
	EndGlobalSection
	GlobalSection(Performance) = preSolution
		HasPerformanceSessions = true
	EndGlobalSection
	GlobalSection(Performance) = preSolution
		HasPerformanceSessions = true
	EndGlobalSection
	GlobalSection(Performance) = preSolution
		HasPerformanceSessions = true
	EndGlobalSection
	GlobalSection(Performance) = preSolution
		HasPerformanceSessions = true
	EndGlobalSection
	GlobalSection(Performance) = preSolution
		HasPerformanceSessions = true
	EndGlobalSection
EndGlobal
