
Microsoft Visual Studio Solution File, Format Version 12.00
# Visual Studio 2013
VisualStudioVersion = 12.0.31101.0
MinimumVisualStudioVersion = 10.0.40219.1
Project("{2150E333-8FDC-42A3-9474-1A3956D46DE8}") = "Support", "Support", "{C6A1E57B-367C-431A-8934-B11D17D88718}"
	ProjectSection(SolutionItems) = preProject
		x360ce\Support\changelog.txt = x360ce\Support\changelog.txt
		x360ce\Support\COPYING.txt = x360ce\Support\COPYING.txt
		x360ce\Support\HowToBuild.txt = x360ce\Support\HowToBuild.txt
		x360ce\Support\lgpl-3.0.txt = x360ce\Support\lgpl-3.0.txt
		x360ce\Support\ReadMe.RTF = x360ce\Support\ReadMe.RTF
		x360ce\Support\Readme.txt = x360ce\Support\Readme.txt
		x360ce\Support\usb-detection.pdf = x360ce\Support\usb-detection.pdf
		x360ce\Support\x360ce.gdb = x360ce\Support\x360ce.gdb
		x360ce\Support\x360ce.sample.ini = x360ce\Support\x360ce.sample.ini
		x360ce\Support\x360ce_gdb.info.txt = x360ce\Support\x360ce_gdb.info.txt
	EndProjectSection
EndProject
Project("{FAE04EC0-301F-11D3-BF4B-00C04F79EFBC}") = "x360ce.App", "x360ce.App\x360ce.App.csproj", "{1D4EDC24-FD61-4234-AE60-5FA676DDEC3C}"
EndProject
Project("{00D1A9C2-B5F0-4AF3-8072-F6C62B433612}") = "x360ce.Data", "x360ce.Data\x360ce.Data.sqlproj", "{2DB521F4-E49D-4E7A-B1B9-52A8ACD37415}"
EndProject
Project("{FAE04EC0-301F-11D3-BF4B-00C04F79EFBC}") = "x360ce.Web", "x360ce.Web\x360ce.Web.csproj", "{EE2589B6-B2F3-44F9-A95C-17EBF74788FB}"
EndProject
Project("{8BC9CEB8-8B4A-11D0-8D11-00A0C91BC942}") = "dinput8", "x360ce\dinput8\dinput8.vcxproj", "{FE3BC27D-9B4F-4063-A6A5-04B38F79AD64}"
EndProject
Project("{FAE04EC0-301F-11D3-BF4B-00C04F79EFBC}") = "x360ce.Engine", "x360ce.Engine\x360ce.Engine.csproj", "{F980D78A-9448-4834-A6FE-84797077D309}"
EndProject
Project("{8BC9CEB8-8B4A-11D0-8D11-00A0C91BC942}") = "libMinHook", "x360ce\3rdparty\libMinHook\libMinHook.vcxproj", "{65021938-D251-46FA-BC3D-85C385D4C06D}"
EndProject
Project("{8BC9CEB8-8B4A-11D0-8D11-00A0C91BC942}") = "x360ce", "x360ce\x360ce\x360ce.vcxproj", "{303D4435-7541-4357-91B1-CC9DA7E0E926}"
EndProject
Global
	GlobalSection(SolutionConfigurationPlatforms) = preSolution
		Debug|Any CPU = Debug|Any CPU
		Debug|Mixed Platforms = Debug|Mixed Platforms
		Debug|Win32 = Debug|Win32
		Debug|Win32+APP = Debug|Win32+APP
		Debug|x64 = Debug|x64
		Debug|x64+APP = Debug|x64+APP
		Release|Any CPU = Release|Any CPU
		Release|Mixed Platforms = Release|Mixed Platforms
		Release|Win32 = Release|Win32
		Release|Win32+APP = Release|Win32+APP
		Release|x64 = Release|x64
		Release|x64+APP = Release|x64+APP
	EndGlobalSection
	GlobalSection(ProjectConfigurationPlatforms) = postSolution
		{1D4EDC24-FD61-4234-AE60-5FA676DDEC3C}.Debug|Any CPU.ActiveCfg = Debug|Any CPU
		{1D4EDC24-FD61-4234-AE60-5FA676DDEC3C}.Debug|Any CPU.Build.0 = Debug|Any CPU
		{1D4EDC24-FD61-4234-AE60-5FA676DDEC3C}.Debug|Mixed Platforms.ActiveCfg = Debug|x86
		{1D4EDC24-FD61-4234-AE60-5FA676DDEC3C}.Debug|Mixed Platforms.Build.0 = Debug|x86
		{1D4EDC24-FD61-4234-AE60-5FA676DDEC3C}.Debug|Win32.ActiveCfg = Debug|x86
		{1D4EDC24-FD61-4234-AE60-5FA676DDEC3C}.Debug|Win32+APP.ActiveCfg = Debug|x86
		{1D4EDC24-FD61-4234-AE60-5FA676DDEC3C}.Debug|Win32+APP.Build.0 = Debug|x86
		{1D4EDC24-FD61-4234-AE60-5FA676DDEC3C}.Debug|x64.ActiveCfg = Debug|x64
		{1D4EDC24-FD61-4234-AE60-5FA676DDEC3C}.Debug|x64+APP.ActiveCfg = Debug|x86
		{1D4EDC24-FD61-4234-AE60-5FA676DDEC3C}.Debug|x64+APP.Build.0 = Debug|x86
		{1D4EDC24-FD61-4234-AE60-5FA676DDEC3C}.Release|Any CPU.ActiveCfg = Release|Any CPU
		{1D4EDC24-FD61-4234-AE60-5FA676DDEC3C}.Release|Any CPU.Build.0 = Release|Any CPU
		{1D4EDC24-FD61-4234-AE60-5FA676DDEC3C}.Release|Mixed Platforms.ActiveCfg = Release|x86
		{1D4EDC24-FD61-4234-AE60-5FA676DDEC3C}.Release|Mixed Platforms.Build.0 = Release|x86
		{1D4EDC24-FD61-4234-AE60-5FA676DDEC3C}.Release|Win32.ActiveCfg = Release|x86
		{1D4EDC24-FD61-4234-AE60-5FA676DDEC3C}.Release|Win32+APP.ActiveCfg = Release|x86
		{1D4EDC24-FD61-4234-AE60-5FA676DDEC3C}.Release|Win32+APP.Build.0 = Release|x86
		{1D4EDC24-FD61-4234-AE60-5FA676DDEC3C}.Release|x64.ActiveCfg = Release|x64
		{1D4EDC24-FD61-4234-AE60-5FA676DDEC3C}.Release|x64+APP.ActiveCfg = Release|x64
		{1D4EDC24-FD61-4234-AE60-5FA676DDEC3C}.Release|x64+APP.Build.0 = Release|x64
		{2DB521F4-E49D-4E7A-B1B9-52A8ACD37415}.Debug|Any CPU.ActiveCfg = Debug|Any CPU
		{2DB521F4-E49D-4E7A-B1B9-52A8ACD37415}.Debug|Mixed Platforms.ActiveCfg = Debug|Any CPU
		{2DB521F4-E49D-4E7A-B1B9-52A8ACD37415}.Debug|Mixed Platforms.Build.0 = Debug|Any CPU
		{2DB521F4-E49D-4E7A-B1B9-52A8ACD37415}.Debug|Mixed Platforms.Deploy.0 = Debug|Any CPU
		{2DB521F4-E49D-4E7A-B1B9-52A8ACD37415}.Debug|Win32.ActiveCfg = Debug|Any CPU
		{2DB521F4-E49D-4E7A-B1B9-52A8ACD37415}.Debug|Win32+APP.ActiveCfg = Debug|Any CPU
		{2DB521F4-E49D-4E7A-B1B9-52A8ACD37415}.Debug|Win32+APP.Build.0 = Debug|Any CPU
		{2DB521F4-E49D-4E7A-B1B9-52A8ACD37415}.Debug|x64.ActiveCfg = Debug|Any CPU
		{2DB521F4-E49D-4E7A-B1B9-52A8ACD37415}.Debug|x64+APP.ActiveCfg = Debug|Any CPU
		{2DB521F4-E49D-4E7A-B1B9-52A8ACD37415}.Release|Any CPU.ActiveCfg = Release|Any CPU
		{2DB521F4-E49D-4E7A-B1B9-52A8ACD37415}.Release|Mixed Platforms.ActiveCfg = Release|Any CPU
		{2DB521F4-E49D-4E7A-B1B9-52A8ACD37415}.Release|Mixed Platforms.Build.0 = Release|Any CPU
		{2DB521F4-E49D-4E7A-B1B9-52A8ACD37415}.Release|Mixed Platforms.Deploy.0 = Release|Any CPU
		{2DB521F4-E49D-4E7A-B1B9-52A8ACD37415}.Release|Win32.ActiveCfg = Release|Any CPU
		{2DB521F4-E49D-4E7A-B1B9-52A8ACD37415}.Release|Win32+APP.ActiveCfg = Release|Any CPU
		{2DB521F4-E49D-4E7A-B1B9-52A8ACD37415}.Release|Win32+APP.Build.0 = Release|Any CPU
		{2DB521F4-E49D-4E7A-B1B9-52A8ACD37415}.Release|Win32+APP.Deploy.0 = Release|Any CPU
		{2DB521F4-E49D-4E7A-B1B9-52A8ACD37415}.Release|x64.ActiveCfg = Release|Any CPU
		{2DB521F4-E49D-4E7A-B1B9-52A8ACD37415}.Release|x64+APP.ActiveCfg = Release|Any CPU
		{EE2589B6-B2F3-44F9-A95C-17EBF74788FB}.Debug|Any CPU.ActiveCfg = Debug|Any CPU
		{EE2589B6-B2F3-44F9-A95C-17EBF74788FB}.Debug|Any CPU.Build.0 = Debug|Any CPU
		{EE2589B6-B2F3-44F9-A95C-17EBF74788FB}.Debug|Mixed Platforms.ActiveCfg = Debug|Any CPU
		{EE2589B6-B2F3-44F9-A95C-17EBF74788FB}.Debug|Mixed Platforms.Build.0 = Debug|Any CPU
		{EE2589B6-B2F3-44F9-A95C-17EBF74788FB}.Debug|Win32.ActiveCfg = Debug|Any CPU
		{EE2589B6-B2F3-44F9-A95C-17EBF74788FB}.Debug|Win32+APP.ActiveCfg = Debug|Any CPU
		{EE2589B6-B2F3-44F9-A95C-17EBF74788FB}.Debug|Win32+APP.Build.0 = Debug|Any CPU
		{EE2589B6-B2F3-44F9-A95C-17EBF74788FB}.Debug|x64.ActiveCfg = Debug|Any CPU
		{EE2589B6-B2F3-44F9-A95C-17EBF74788FB}.Debug|x64+APP.ActiveCfg = Debug|Any CPU
		{EE2589B6-B2F3-44F9-A95C-17EBF74788FB}.Debug|x64+APP.Build.0 = Debug|Any CPU
		{EE2589B6-B2F3-44F9-A95C-17EBF74788FB}.Release|Any CPU.ActiveCfg = Release|Any CPU
		{EE2589B6-B2F3-44F9-A95C-17EBF74788FB}.Release|Any CPU.Build.0 = Release|Any CPU
		{EE2589B6-B2F3-44F9-A95C-17EBF74788FB}.Release|Mixed Platforms.ActiveCfg = Release|Any CPU
		{EE2589B6-B2F3-44F9-A95C-17EBF74788FB}.Release|Mixed Platforms.Build.0 = Release|Any CPU
		{EE2589B6-B2F3-44F9-A95C-17EBF74788FB}.Release|Win32.ActiveCfg = Release|Any CPU
		{EE2589B6-B2F3-44F9-A95C-17EBF74788FB}.Release|Win32+APP.ActiveCfg = Release|Any CPU
		{EE2589B6-B2F3-44F9-A95C-17EBF74788FB}.Release|Win32+APP.Build.0 = Release|Any CPU
		{EE2589B6-B2F3-44F9-A95C-17EBF74788FB}.Release|x64.ActiveCfg = Release|Any CPU
		{EE2589B6-B2F3-44F9-A95C-17EBF74788FB}.Release|x64+APP.ActiveCfg = Release|Any CPU
		{EE2589B6-B2F3-44F9-A95C-17EBF74788FB}.Release|x64+APP.Build.0 = Release|Any CPU
		{FE3BC27D-9B4F-4063-A6A5-04B38F79AD64}.Debug|Any CPU.ActiveCfg = Debug|x64
		{FE3BC27D-9B4F-4063-A6A5-04B38F79AD64}.Debug|Mixed Platforms.ActiveCfg = Debug|Win32
		{FE3BC27D-9B4F-4063-A6A5-04B38F79AD64}.Debug|Mixed Platforms.Build.0 = Debug|Win32
		{FE3BC27D-9B4F-4063-A6A5-04B38F79AD64}.Debug|Win32.ActiveCfg = Debug|Win32
		{FE3BC27D-9B4F-4063-A6A5-04B38F79AD64}.Debug|Win32.Build.0 = Debug|Win32
		{FE3BC27D-9B4F-4063-A6A5-04B38F79AD64}.Debug|Win32+APP.ActiveCfg = Debug|Win32
		{FE3BC27D-9B4F-4063-A6A5-04B38F79AD64}.Debug|Win32+APP.Build.0 = Debug|Win32
		{FE3BC27D-9B4F-4063-A6A5-04B38F79AD64}.Debug|x64.ActiveCfg = Debug|x64
		{FE3BC27D-9B4F-4063-A6A5-04B38F79AD64}.Debug|x64.Build.0 = Debug|x64
		{FE3BC27D-9B4F-4063-A6A5-04B38F79AD64}.Debug|x64+APP.ActiveCfg = Debug|x64
		{FE3BC27D-9B4F-4063-A6A5-04B38F79AD64}.Debug|x64+APP.Build.0 = Debug|x64
		{FE3BC27D-9B4F-4063-A6A5-04B38F79AD64}.Release|Any CPU.ActiveCfg = Release|Win32
		{FE3BC27D-9B4F-4063-A6A5-04B38F79AD64}.Release|Mixed Platforms.ActiveCfg = Release|Win32
		{FE3BC27D-9B4F-4063-A6A5-04B38F79AD64}.Release|Mixed Platforms.Build.0 = Release|Win32
		{FE3BC27D-9B4F-4063-A6A5-04B38F79AD64}.Release|Win32.ActiveCfg = Release|Win32
		{FE3BC27D-9B4F-4063-A6A5-04B38F79AD64}.Release|Win32.Build.0 = Release|Win32
		{FE3BC27D-9B4F-4063-A6A5-04B38F79AD64}.Release|Win32+APP.ActiveCfg = Release|Win32
		{FE3BC27D-9B4F-4063-A6A5-04B38F79AD64}.Release|Win32+APP.Build.0 = Release|Win32
		{FE3BC27D-9B4F-4063-A6A5-04B38F79AD64}.Release|x64.ActiveCfg = Release|x64
		{FE3BC27D-9B4F-4063-A6A5-04B38F79AD64}.Release|x64.Build.0 = Release|x64
		{FE3BC27D-9B4F-4063-A6A5-04B38F79AD64}.Release|x64+APP.ActiveCfg = Release|x64
		{FE3BC27D-9B4F-4063-A6A5-04B38F79AD64}.Release|x64+APP.Build.0 = Release|x64
		{F980D78A-9448-4834-A6FE-84797077D309}.Debug|Any CPU.ActiveCfg = Debug|Any CPU
		{F980D78A-9448-4834-A6FE-84797077D309}.Debug|Any CPU.Build.0 = Debug|Any CPU
		{F980D78A-9448-4834-A6FE-84797077D309}.Debug|Mixed Platforms.ActiveCfg = Debug|Any CPU
		{F980D78A-9448-4834-A6FE-84797077D309}.Debug|Mixed Platforms.Build.0 = Debug|Any CPU
		{F980D78A-9448-4834-A6FE-84797077D309}.Debug|Win32.ActiveCfg = Debug|Any CPU
		{F980D78A-9448-4834-A6FE-84797077D309}.Debug|Win32.Build.0 = Debug|Any CPU
		{F980D78A-9448-4834-A6FE-84797077D309}.Debug|Win32+APP.ActiveCfg = Debug|Any CPU
		{F980D78A-9448-4834-A6FE-84797077D309}.Debug|Win32+APP.Build.0 = Debug|Any CPU
		{F980D78A-9448-4834-A6FE-84797077D309}.Debug|x64.ActiveCfg = Debug|Any CPU
		{F980D78A-9448-4834-A6FE-84797077D309}.Debug|x64.Build.0 = Debug|Any CPU
		{F980D78A-9448-4834-A6FE-84797077D309}.Debug|x64+APP.ActiveCfg = Debug|Any CPU
		{F980D78A-9448-4834-A6FE-84797077D309}.Debug|x64+APP.Build.0 = Debug|Any CPU
		{F980D78A-9448-4834-A6FE-84797077D309}.Release|Any CPU.ActiveCfg = Release|Any CPU
		{F980D78A-9448-4834-A6FE-84797077D309}.Release|Any CPU.Build.0 = Release|Any CPU
		{F980D78A-9448-4834-A6FE-84797077D309}.Release|Mixed Platforms.ActiveCfg = Release|Any CPU
		{F980D78A-9448-4834-A6FE-84797077D309}.Release|Mixed Platforms.Build.0 = Release|Any CPU
		{F980D78A-9448-4834-A6FE-84797077D309}.Release|Win32.ActiveCfg = Release|Any CPU
		{F980D78A-9448-4834-A6FE-84797077D309}.Release|Win32.Build.0 = Release|Any CPU
		{F980D78A-9448-4834-A6FE-84797077D309}.Release|Win32+APP.ActiveCfg = Release|Any CPU
		{F980D78A-9448-4834-A6FE-84797077D309}.Release|Win32+APP.Build.0 = Release|Any CPU
		{F980D78A-9448-4834-A6FE-84797077D309}.Release|x64.ActiveCfg = Release|Any CPU
		{F980D78A-9448-4834-A6FE-84797077D309}.Release|x64.Build.0 = Release|Any CPU
		{F980D78A-9448-4834-A6FE-84797077D309}.Release|x64+APP.ActiveCfg = Release|Any CPU
		{F980D78A-9448-4834-A6FE-84797077D309}.Release|x64+APP.Build.0 = Release|Any CPU
		{65021938-D251-46FA-BC3D-85C385D4C06D}.Debug|Any CPU.ActiveCfg = Debug|Win32
		{65021938-D251-46FA-BC3D-85C385D4C06D}.Debug|Mixed Platforms.ActiveCfg = Debug|Win32
		{65021938-D251-46FA-BC3D-85C385D4C06D}.Debug|Mixed Platforms.Build.0 = Debug|Win32
		{65021938-D251-46FA-BC3D-85C385D4C06D}.Debug|Win32.ActiveCfg = Debug|Win32
		{65021938-D251-46FA-BC3D-85C385D4C06D}.Debug|Win32.Build.0 = Debug|Win32
		{65021938-D251-46FA-BC3D-85C385D4C06D}.Debug|Win32+APP.ActiveCfg = Debug|Win32
		{65021938-D251-46FA-BC3D-85C385D4C06D}.Debug|x64.ActiveCfg = Debug|x64
		{65021938-D251-46FA-BC3D-85C385D4C06D}.Debug|x64.Build.0 = Debug|x64
		{65021938-D251-46FA-BC3D-85C385D4C06D}.Debug|x64+APP.ActiveCfg = Debug|Win32
		{65021938-D251-46FA-BC3D-85C385D4C06D}.Release|Any CPU.ActiveCfg = Release|Win32
		{65021938-D251-46FA-BC3D-85C385D4C06D}.Release|Mixed Platforms.ActiveCfg = Release|Win32
		{65021938-D251-46FA-BC3D-85C385D4C06D}.Release|Mixed Platforms.Build.0 = Release|Win32
		{65021938-D251-46FA-BC3D-85C385D4C06D}.Release|Win32.ActiveCfg = Release|Win32
		{65021938-D251-46FA-BC3D-85C385D4C06D}.Release|Win32.Build.0 = Release|Win32
		{65021938-D251-46FA-BC3D-85C385D4C06D}.Release|Win32+APP.ActiveCfg = Release|Win32
		{65021938-D251-46FA-BC3D-85C385D4C06D}.Release|x64.ActiveCfg = Release|x64
		{65021938-D251-46FA-BC3D-85C385D4C06D}.Release|x64.Build.0 = Release|x64
		{65021938-D251-46FA-BC3D-85C385D4C06D}.Release|x64+APP.ActiveCfg = Release|Win32
		{303D4435-7541-4357-91B1-CC9DA7E0E926}.Debug|Any CPU.ActiveCfg = Debug|Win32
		{303D4435-7541-4357-91B1-CC9DA7E0E926}.Debug|Mixed Platforms.ActiveCfg = Debug|Win32
		{303D4435-7541-4357-91B1-CC9DA7E0E926}.Debug|Mixed Platforms.Build.0 = Debug|Win32
		{303D4435-7541-4357-91B1-CC9DA7E0E926}.Debug|Win32.ActiveCfg = Debug|Win32
		{303D4435-7541-4357-91B1-CC9DA7E0E926}.Debug|Win32.Build.0 = Debug|Win32
		{303D4435-7541-4357-91B1-CC9DA7E0E926}.Debug|Win32+APP.ActiveCfg = Debug|Win32
		{303D4435-7541-4357-91B1-CC9DA7E0E926}.Debug|x64.ActiveCfg = Debug|x64
		{303D4435-7541-4357-91B1-CC9DA7E0E926}.Debug|x64.Build.0 = Debug|x64
		{303D4435-7541-4357-91B1-CC9DA7E0E926}.Debug|x64+APP.ActiveCfg = Debug|Win32
		{303D4435-7541-4357-91B1-CC9DA7E0E926}.Release|Any CPU.ActiveCfg = Release|Win32
		{303D4435-7541-4357-91B1-CC9DA7E0E926}.Release|Mixed Platforms.ActiveCfg = Release|Win32
		{303D4435-7541-4357-91B1-CC9DA7E0E926}.Release|Mixed Platforms.Build.0 = Release|Win32
		{303D4435-7541-4357-91B1-CC9DA7E0E926}.Release|Win32.ActiveCfg = Release|Win32
		{303D4435-7541-4357-91B1-CC9DA7E0E926}.Release|Win32.Build.0 = Release|Win32
		{303D4435-7541-4357-91B1-CC9DA7E0E926}.Release|Win32+APP.ActiveCfg = Release|Win32
		{303D4435-7541-4357-91B1-CC9DA7E0E926}.Release|x64.ActiveCfg = Release|x64
		{303D4435-7541-4357-91B1-CC9DA7E0E926}.Release|x64.Build.0 = Release|x64
		{303D4435-7541-4357-91B1-CC9DA7E0E926}.Release|x64+APP.ActiveCfg = Release|Win32
	EndGlobalSection
	GlobalSection(SolutionProperties) = preSolution
		HideSolutionNode = FALSE
	EndGlobalSection
EndGlobal
