<Solution>
  <Folder Name="/Solution Items/">
    <File Path="x360ce.slnx.vsspell" />
  </Folder>
  <Project Path="App.v4/x360ce.App.v4.csproj" Id="00a8380d-72cb-4ad3-a8c4-0af44ba2aee0" />
  <Project Path="Setup/Setup.csproj" Id="a4b3c2d1-e5f6-4a7b-8c9d-0e1f2a3b4c5d" />
  <Project Path="Engine/x360ce.Engine.csproj" Id="f980d78a-9448-4834-a6fe-84797077d309" />
  <Project Path="Tests/x360ce.Tests.csproj" Id="9c1f4b1a-2d7e-4a55-9f10-3b6c8d2e5a41" />
  <Project Path="Data/x360ce.Data.sqlproj" Id="2db521f4-e49d-4e7a-b1b9-52a8acd37415" />
  <Project Path="Web/x360ce.Web.csproj" Id="ee2589b6-b2f3-44f9-a95c-17ebf74788fb" />
</Solution>
