
Microsoft Visual Studio Solution File, Format Version 12.00
# Visual Studio 14
VisualStudioVersion = 14.0.25420.1
MinimumVisualStudioVersion = 10.0.40219.1
Project("{8BC9CEB8-8B4A-11D0-8D11-00A0C91BC942}") = "x360ce", "x360ce\x360ce\x360ce.vcxproj", "{303D4435-7541-4357-91B1-CC9DA7E0E926}"
	ProjectSection(ProjectDependencies) = postProject
		{4CF76641-C60B-4A26-8F44-DAA67B30512A} = {4CF76641-C60B-4A26-8F44-DAA67B30512A}
		{0CAEE158-51E4-4C81-8CAC-F39F744DAF2D} = {0CAEE158-51E4-4C81-8CAC-F39F744DAF2D}
	EndProjectSection
EndProject
Project("{8BC9CEB8-8B4A-11D0-8D11-00A0C91BC942}") = "dinput8", "x360ce\dinput8\dinput8.vcxproj", "{FE3BC27D-9B4F-4063-A6A5-04B38F79AD64}"
	ProjectSection(ProjectDependencies) = postProject
		{0CAEE158-51E4-4C81-8CAC-F39F744DAF2D} = {0CAEE158-51E4-4C81-8CAC-F39F744DAF2D}
	EndProjectSection
EndProject
Project("{8BC9CEB8-8B4A-11D0-8D11-00A0C91BC942}") = "ditool", "x360ce\ditool\ditool.vcxproj", "{7BC57D19-1819-42D7-8F3B-DFF5ED66C750}"
	ProjectSection(ProjectDependencies) = postProject
		{0CAEE158-51E4-4C81-8CAC-F39F744DAF2D} = {0CAEE158-51E4-4C81-8CAC-F39F744DAF2D}
	EndProjectSection
EndProject
Project("{8BC9CEB8-8B4A-11D0-8D11-00A0C91BC942}") = "InputHook", "x360ce\InputHook\InputHook.vcxproj", "{4CF76641-C60B-4A26-8F44-DAA67B30512A}"
EndProject
Project("{8BC9CEB8-8B4A-11D0-8D11-00A0C91BC942}") = "Common", "x360ce\Common\Common.vcxproj", "{0CAEE158-51E4-4C81-8CAC-F39F744DAF2D}"
EndProject
Global
	GlobalSection(SolutionConfigurationPlatforms) = preSolution
		Debug|Win32 = Debug|Win32
		Debug|x64 = Debug|x64
		Release|Win32 = Release|Win32
		Release|x64 = Release|x64
	EndGlobalSection
	GlobalSection(ProjectConfigurationPlatforms) = postSolution
		{303D4435-7541-4357-91B1-CC9DA7E0E926}.Debug|Win32.ActiveCfg = Debug|Win32
		{303D4435-7541-4357-91B1-CC9DA7E0E926}.Debug|Win32.Build.0 = Debug|Win32
		{303D4435-7541-4357-91B1-CC9DA7E0E926}.Debug|x64.ActiveCfg = Debug|x64
		{303D4435-7541-4357-91B1-CC9DA7E0E926}.Debug|x64.Build.0 = Debug|x64
		{303D4435-7541-4357-91B1-CC9DA7E0E926}.Release|Win32.ActiveCfg = Release|Win32
		{303D4435-7541-4357-91B1-CC9DA7E0E926}.Release|Win32.Build.0 = Release|Win32
		{303D4435-7541-4357-91B1-CC9DA7E0E926}.Release|x64.ActiveCfg = Release|x64
		{303D4435-7541-4357-91B1-CC9DA7E0E926}.Release|x64.Build.0 = Release|x64
		{FE3BC27D-9B4F-4063-A6A5-04B38F79AD64}.Debug|Win32.ActiveCfg = Debug|Win32
		{FE3BC27D-9B4F-4063-A6A5-04B38F79AD64}.Debug|Win32.Build.0 = Debug|Win32
		{FE3BC27D-9B4F-4063-A6A5-04B38F79AD64}.Debug|x64.ActiveCfg = Debug|x64
		{FE3BC27D-9B4F-4063-A6A5-04B38F79AD64}.Debug|x64.Build.0 = Debug|x64
		{FE3BC27D-9B4F-4063-A6A5-04B38F79AD64}.Release|Win32.ActiveCfg = Release|Win32
		{FE3BC27D-9B4F-4063-A6A5-04B38F79AD64}.Release|Win32.Build.0 = Release|Win32
		{FE3BC27D-9B4F-4063-A6A5-04B38F79AD64}.Release|x64.ActiveCfg = Release|x64
		{FE3BC27D-9B4F-4063-A6A5-04B38F79AD64}.Release|x64.Build.0 = Release|x64
		{7BC57D19-1819-42D7-8F3B-DFF5ED66C750}.Debug|Win32.ActiveCfg = Debug|Win32
		{7BC57D19-1819-42D7-8F3B-DFF5ED66C750}.Debug|Win32.Build.0 = Debug|Win32
		{7BC57D19-1819-42D7-8F3B-DFF5ED66C750}.Debug|x64.ActiveCfg = Debug|Win32
		{7BC57D19-1819-42D7-8F3B-DFF5ED66C750}.Release|Win32.ActiveCfg = Release|Win32
		{7BC57D19-1819-42D7-8F3B-DFF5ED66C750}.Release|Win32.Build.0 = Release|Win32
		{7BC57D19-1819-42D7-8F3B-DFF5ED66C750}.Release|x64.ActiveCfg = Release|Win32
		{4CF76641-C60B-4A26-8F44-DAA67B30512A}.Debug|Win32.ActiveCfg = Debug|Win32
		{4CF76641-C60B-4A26-8F44-DAA67B30512A}.Debug|Win32.Build.0 = Debug|Win32
		{4CF76641-C60B-4A26-8F44-DAA67B30512A}.Debug|x64.ActiveCfg = Debug|x64
		{4CF76641-C60B-4A26-8F44-DAA67B30512A}.Debug|x64.Build.0 = Debug|x64
		{4CF76641-C60B-4A26-8F44-DAA67B30512A}.Release|Win32.ActiveCfg = Release|Win32
		{4CF76641-C60B-4A26-8F44-DAA67B30512A}.Release|Win32.Build.0 = Release|Win32
		{4CF76641-C60B-4A26-8F44-DAA67B30512A}.Release|x64.ActiveCfg = Release|x64
		{4CF76641-C60B-4A26-8F44-DAA67B30512A}.Release|x64.Build.0 = Release|x64
		{0CAEE158-51E4-4C81-8CAC-F39F744DAF2D}.Debug|Win32.ActiveCfg = Debug|Win32
		{0CAEE158-51E4-4C81-8CAC-F39F744DAF2D}.Debug|Win32.Build.0 = Debug|Win32
		{0CAEE158-51E4-4C81-8CAC-F39F744DAF2D}.Debug|x64.ActiveCfg = Debug|x64
		{0CAEE158-51E4-4C81-8CAC-F39F744DAF2D}.Debug|x64.Build.0 = Debug|x64
		{0CAEE158-51E4-4C81-8CAC-F39F744DAF2D}.Release|Win32.ActiveCfg = Release|Win32
		{0CAEE158-51E4-4C81-8CAC-F39F744DAF2D}.Release|Win32.Build.0 = Release|Win32
		{0CAEE158-51E4-4C81-8CAC-F39F744DAF2D}.Release|x64.ActiveCfg = Release|x64
		{0CAEE158-51E4-4C81-8CAC-F39F744DAF2D}.Release|x64.Build.0 = Release|x64
	EndGlobalSection
	GlobalSection(SolutionProperties) = preSolution
		HideSolutionNode = FALSE
	EndGlobalSection
EndGlobal
