
Microsoft Visual Studio Solution File, Format Version 11.00
# Visual Studio 2010
Project("{2150E333-8FDC-42A3-9474-1A3956D46DE8}") = "Support", "Support", "{C6A1E57B-367C-431A-8934-B11D17D88718}"
	ProjectSection(SolutionItems) = preProject
		x360ce\Support\changelog.txt = x360ce\Support\changelog.txt
		x360ce\Support\COPYING.txt = x360ce\Support\COPYING.txt
		x360ce\Support\HowToBuild.txt = x360ce\Support\HowToBuild.txt
		x360ce\Support\lgpl-3.0.txt = x360ce\Support\lgpl-3.0.txt
		x360ce\Support\ReadMe.RTF = x360ce\Support\ReadMe.RTF
		x360ce\Support\Readme.txt = x360ce\Support\Readme.txt
		x360ce\Support\usb-detection.pdf = x360ce\Support\usb-detection.pdf
		x360ce\Support\x360ce.gdb = x360ce\Support\x360ce.gdb
		x360ce\Support\x360ce.sample.ini = x360ce\Support\x360ce.sample.ini
		x360ce\Support\x360ce_gdb.info.txt = x360ce\Support\x360ce_gdb.info.txt
	EndProjectSection
EndProject
Project("{8BC9CEB8-8B4A-11D0-8D11-00A0C91BC942}") = "Common_vs2010", "x360ce\Common\Common_vs2010.vcxproj", "{0CAEE158-51E4-4C81-8CAC-F39F744DAF2D}"
EndProject
Project("{8BC9CEB8-8B4A-11D0-8D11-00A0C91BC942}") = "dinput8", "x360ce\dinput8\dinput8_vs2010.vcxproj", "{FE3BC27D-9B4F-4063-A6A5-04B38F79AD64}"
EndProject
Project("{8BC9CEB8-8B4A-11D0-8D11-00A0C91BC942}") = "ditool_vs2010", "x360ce\ditool\ditool_vs2010.vcxproj", "{7BC57D19-1819-42D7-8F3B-DFF5ED66C750}"
EndProject
Global
	GlobalSection(SolutionConfigurationPlatforms) = preSolution
		Debug|Any CPU = Debug|Any CPU
		Debug|Win32 = Debug|Win32
		Debug|Win32+APP = Debug|Win32+APP
		Debug|x64 = Debug|x64
		Debug|x64+APP = Debug|x64+APP
		Release|Any CPU = Release|Any CPU
		Release|Win32 = Release|Win32
		Release|Win32+APP = Release|Win32+APP
		Release|x64 = Release|x64
		Release|x64+APP = Release|x64+APP
	EndGlobalSection
	GlobalSection(ProjectConfigurationPlatforms) = postSolution
		{0CAEE158-51E4-4C81-8CAC-F39F744DAF2D}.Debug|Any CPU.ActiveCfg = Debug|Win32
		{0CAEE158-51E4-4C81-8CAC-F39F744DAF2D}.Debug|Win32.ActiveCfg = Debug|Win32
		{0CAEE158-51E4-4C81-8CAC-F39F744DAF2D}.Debug|Win32.Build.0 = Debug|Win32
		{0CAEE158-51E4-4C81-8CAC-F39F744DAF2D}.Debug|Win32+APP.ActiveCfg = Debug|Win32
		{0CAEE158-51E4-4C81-8CAC-F39F744DAF2D}.Debug|Win32+APP.Build.0 = Debug|Win32
		{0CAEE158-51E4-4C81-8CAC-F39F744DAF2D}.Debug|x64.ActiveCfg = Debug|x64
		{0CAEE158-51E4-4C81-8CAC-F39F744DAF2D}.Debug|x64.Build.0 = Debug|x64
		{0CAEE158-51E4-4C81-8CAC-F39F744DAF2D}.Debug|x64+APP.ActiveCfg = Debug|x64
		{0CAEE158-51E4-4C81-8CAC-F39F744DAF2D}.Debug|x64+APP.Build.0 = Debug|x64
		{0CAEE158-51E4-4C81-8CAC-F39F744DAF2D}.Release|Any CPU.ActiveCfg = Release|Win32
		{0CAEE158-51E4-4C81-8CAC-F39F744DAF2D}.Release|Win32.ActiveCfg = Release|Win32
		{0CAEE158-51E4-4C81-8CAC-F39F744DAF2D}.Release|Win32.Build.0 = Release|Win32
		{0CAEE158-51E4-4C81-8CAC-F39F744DAF2D}.Release|Win32+APP.ActiveCfg = Release|Win32
		{0CAEE158-51E4-4C81-8CAC-F39F744DAF2D}.Release|Win32+APP.Build.0 = Release|Win32
		{0CAEE158-51E4-4C81-8CAC-F39F744DAF2D}.Release|x64.ActiveCfg = Release|x64
		{0CAEE158-51E4-4C81-8CAC-F39F744DAF2D}.Release|x64.Build.0 = Release|x64
		{0CAEE158-51E4-4C81-8CAC-F39F744DAF2D}.Release|x64+APP.ActiveCfg = Release|x64
		{0CAEE158-51E4-4C81-8CAC-F39F744DAF2D}.Release|x64+APP.Build.0 = Release|x64
		{FE3BC27D-9B4F-4063-A6A5-04B38F79AD64}.Debug|Any CPU.ActiveCfg = Debug|Win32
		{FE3BC27D-9B4F-4063-A6A5-04B38F79AD64}.Debug|Win32.ActiveCfg = Debug|Win32
		{FE3BC27D-9B4F-4063-A6A5-04B38F79AD64}.Debug|Win32.Build.0 = Debug|Win32
		{FE3BC27D-9B4F-4063-A6A5-04B38F79AD64}.Debug|Win32+APP.ActiveCfg = Debug|Win32
		{FE3BC27D-9B4F-4063-A6A5-04B38F79AD64}.Debug|Win32+APP.Build.0 = Debug|Win32
		{FE3BC27D-9B4F-4063-A6A5-04B38F79AD64}.Debug|x64.ActiveCfg = Debug|x64
		{FE3BC27D-9B4F-4063-A6A5-04B38F79AD64}.Debug|x64.Build.0 = Debug|x64
		{FE3BC27D-9B4F-4063-A6A5-04B38F79AD64}.Debug|x64+APP.ActiveCfg = Debug|x64
		{FE3BC27D-9B4F-4063-A6A5-04B38F79AD64}.Debug|x64+APP.Build.0 = Debug|x64
		{FE3BC27D-9B4F-4063-A6A5-04B38F79AD64}.Release|Any CPU.ActiveCfg = Release|Win32
		{FE3BC27D-9B4F-4063-A6A5-04B38F79AD64}.Release|Win32.ActiveCfg = Release|Win32
		{FE3BC27D-9B4F-4063-A6A5-04B38F79AD64}.Release|Win32.Build.0 = Release|Win32
		{FE3BC27D-9B4F-4063-A6A5-04B38F79AD64}.Release|Win32+APP.ActiveCfg = Release|Win32
		{FE3BC27D-9B4F-4063-A6A5-04B38F79AD64}.Release|Win32+APP.Build.0 = Release|Win32
		{FE3BC27D-9B4F-4063-A6A5-04B38F79AD64}.Release|x64.ActiveCfg = Release|x64
		{FE3BC27D-9B4F-4063-A6A5-04B38F79AD64}.Release|x64.Build.0 = Release|x64
		{FE3BC27D-9B4F-4063-A6A5-04B38F79AD64}.Release|x64+APP.ActiveCfg = Release|x64
		{FE3BC27D-9B4F-4063-A6A5-04B38F79AD64}.Release|x64+APP.Build.0 = Release|x64
		{7BC57D19-1819-42D7-8F3B-DFF5ED66C750}.Debug|Any CPU.ActiveCfg = Debug|Win32
		{7BC57D19-1819-42D7-8F3B-DFF5ED66C750}.Debug|Win32.ActiveCfg = Debug|Win32
		{7BC57D19-1819-42D7-8F3B-DFF5ED66C750}.Debug|Win32.Build.0 = Debug|Win32
		{7BC57D19-1819-42D7-8F3B-DFF5ED66C750}.Debug|Win32+APP.ActiveCfg = Debug|Win32
		{7BC57D19-1819-42D7-8F3B-DFF5ED66C750}.Debug|Win32+APP.Build.0 = Debug|Win32
		{7BC57D19-1819-42D7-8F3B-DFF5ED66C750}.Debug|x64.ActiveCfg = Debug|Win32
		{7BC57D19-1819-42D7-8F3B-DFF5ED66C750}.Debug|x64+APP.ActiveCfg = Debug|Win32
		{7BC57D19-1819-42D7-8F3B-DFF5ED66C750}.Release|Any CPU.ActiveCfg = Release|Win32
		{7BC57D19-1819-42D7-8F3B-DFF5ED66C750}.Release|Win32.ActiveCfg = Release|Win32
		{7BC57D19-1819-42D7-8F3B-DFF5ED66C750}.Release|Win32.Build.0 = Release|Win32
		{7BC57D19-1819-42D7-8F3B-DFF5ED66C750}.Release|Win32+APP.ActiveCfg = Release|Win32
		{7BC57D19-1819-42D7-8F3B-DFF5ED66C750}.Release|Win32+APP.Build.0 = Release|Win32
		{7BC57D19-1819-42D7-8F3B-DFF5ED66C750}.Release|x64.ActiveCfg = Release|Win32
		{7BC57D19-1819-42D7-8F3B-DFF5ED66C750}.Release|x64+APP.ActiveCfg = Release|Win32
	EndGlobalSection
	GlobalSection(SolutionProperties) = preSolution
		HideSolutionNode = FALSE
	EndGlobalSection
	GlobalSection(Performance) = preSolution
		HasPerformanceSessions = true
	EndGlobalSection
EndGlobal
