<?xml version="1.0" encoding="utf-8"?>
<Project ToolsVersion="4.0" xmlns="http://schemas.microsoft.com/developer/msbuild/2003">
  <ItemGroup>
    <Filter Include="Resource Files">
      <UniqueIdentifier>{67DA6AB6-F800-4c08-8B7A-83BB121AAD01}</UniqueIdentifier>
      <Extensions>rc;ico;cur;bmp;dlg;rc2;rct;bin;rgs;gif;jpg;jpeg;jpe;resx;tiff;tif;png;wav</Extensions>
    </Filter>
    <Filter Include="InputHook">
      <UniqueIdentifier>{96876da5-52c5-4292-8ff3-52a7b383540e}</UniqueIdentifier>
    </Filter>
    <Filter Include="Core">
      <UniqueIdentifier>{01556c3f-3e2b-4238-a986-18cd8e30b0e1}</UniqueIdentifier>
    </Filter>
    <Filter Include="Core\Header Files">
      <UniqueIdentifier>{93995380-89BD-4b04-88EB-625FBE52EBFB}</UniqueIdentifier>
      <Extensions>h;hpp;hxx;hm;inl;inc;xsd</Extensions>
    </Filter>
    <Filter Include="Utilities">
      <UniqueIdentifier>{cf2276e8-0a0c-4435-8315-416ced42a7d9}</UniqueIdentifier>
    </Filter>
    <Filter Include="Utilities\minIni">
      <UniqueIdentifier>{fa955265-8116-48b6-ac70-1afb7b9fbe2b}</UniqueIdentifier>
    </Filter>
  </ItemGroup>
  <ItemGroup>
    <ClCompile Include="InputHook\HookWinTrust.cpp">
      <Filter>InputHook</Filter>
    </ClCompile>
    <ClCompile Include="InputHook\InputHook.cpp">
      <Filter>InputHook</Filter>
    </ClCompile>
    <ClCompile Include="Utilities\Ini.cpp">
      <Filter>Utilities</Filter>
    </ClCompile>
    <ClCompile Include="Utilities\Log.cpp">
      <Filter>Utilities</Filter>
    </ClCompile>
    <ClCompile Include="Utilities\Misc.cpp">
      <Filter>Utilities</Filter>
    </ClCompile>
    <ClCompile Include="Config.cpp">
      <Filter>Core</Filter>
    </ClCompile>
    <ClCompile Include="x360ce.cpp">
      <Filter>Core</Filter>
    </ClCompile>
    <ClCompile Include="DirectInput.cpp">
      <Filter>Core</Filter>
    </ClCompile>
    <ClCompile Include="dllmain.cpp">
      <Filter>Core</Filter>
    </ClCompile>
    <ClCompile Include="stdafx.cpp">
      <Filter>Core</Filter>
    </ClCompile>
    <ClCompile Include="InputHook\HookDI.cpp">
      <Filter>InputHook</Filter>
    </ClCompile>
    <ClCompile Include="..\MologieDetours\hde.cpp">
      <Filter>InputHook</Filter>
    </ClCompile>
    <ClCompile Include="InputHook\HookWMI_UNI.cpp">
      <Filter>InputHook</Filter>
    </ClCompile>
    <ClCompile Include="InputHook\HookWMI_ANSI.cpp">
      <Filter>InputHook</Filter>
    </ClCompile>
    <ClCompile Include="Utilities\minIni\minIni.c">
      <Filter>Utilities\minIni</Filter>
    </ClCompile>
  </ItemGroup>
  <ItemGroup>
    <ClInclude Include="Config.h">
      <Filter>Core\Header Files</Filter>
    </ClInclude>
    <ClInclude Include="DirectInput.h">
      <Filter>Core\Header Files</Filter>
    </ClInclude>
    <ClInclude Include="resource.h">
      <Filter>Core\Header Files</Filter>
    </ClInclude>
    <ClInclude Include="stdafx.h">
      <Filter>Core\Header Files</Filter>
    </ClInclude>
    <ClInclude Include="targetver.h">
      <Filter>Core\Header Files</Filter>
    </ClInclude>
    <ClInclude Include="x360ce.h">
      <Filter>Core\Header Files</Filter>
    </ClInclude>
    <ClInclude Include="version.h">
      <Filter>Core\Header Files</Filter>
    </ClInclude>
    <ClInclude Include="globals.h">
      <Filter>Core\Header Files</Filter>
    </ClInclude>
    <ClInclude Include="InputHook\InputHook.h">
      <Filter>InputHook</Filter>
    </ClInclude>
    <ClInclude Include="Utilities\Ini.h">
      <Filter>Utilities</Filter>
    </ClInclude>
    <ClInclude Include="Utilities\Log.h">
      <Filter>Utilities</Filter>
    </ClInclude>
    <ClInclude Include="Utilities\Misc.h">
      <Filter>Utilities</Filter>
    </ClInclude>
    <ClInclude Include="Utilities\minIni\minIni.h">
      <Filter>Utilities\minIni</Filter>
    </ClInclude>
    <ClInclude Include="Utilities\minIni\minGlue.h">
      <Filter>Utilities\minIni</Filter>
    </ClInclude>
  </ItemGroup>
  <ItemGroup>
    <None Include="x360ce.def">
      <Filter>Resource Files</Filter>
    </None>
  </ItemGroup>
  <ItemGroup>
    <ResourceCompile Include="x360ce.rc">
      <Filter>Resource Files</Filter>
    </ResourceCompile>
  </ItemGroup>
</Project>