<?xml version="1.0" encoding="utf-8"?>
<Project ToolsVersion="4.0" xmlns="http://schemas.microsoft.com/developer/msbuild/2003">
  <ItemGroup>
    <ClCompile Include="InputHook\HookDI.cpp">
      <Filter>InputHook</Filter>
    </ClCompile>
    <ClCompile Include="InputHook\HookCOM.cpp">
      <Filter>InputHook</Filter>
    </ClCompile>
    <ClCompile Include="InputHook\HookWT.cpp">
      <Filter>InputHook</Filter>
    </ClCompile>
    <ClCompile Include="Config.cpp">
      <Filter>x360ce\Source Files</Filter>
    </ClCompile>
    <ClCompile Include="DirectInput.cpp">
      <Filter>x360ce\Source Files</Filter>
    </ClCompile>
    <ClCompile Include="dllmain.cpp">
      <Filter>x360ce\Source Files</Filter>
    </ClCompile>
    <ClCompile Include="Log.cpp">
      <Filter>x360ce\Source Files</Filter>
    </ClCompile>
    <ClCompile Include="stdafx.cpp">
      <Filter>x360ce\Source Files</Filter>
    </ClCompile>
    <ClCompile Include="x360ce.cpp">
      <Filter>x360ce\Source Files</Filter>
    </ClCompile>
  </ItemGroup>
  <ItemGroup>
    <ClInclude Include="InputHook\InputHook.h">
      <Filter>InputHook</Filter>
    </ClInclude>
    <ClInclude Include="Utilities\Ini.h">
      <Filter>Utilities</Filter>
    </ClInclude>
    <ClInclude Include="Utilities\Misc.h">
      <Filter>Utilities</Filter>
    </ClInclude>
    <ClInclude Include="Utilities\CriticalSection.h">
      <Filter>Utilities</Filter>
    </ClInclude>
    <ClInclude Include="Config.h">
      <Filter>x360ce\Header Files</Filter>
    </ClInclude>
    <ClInclude Include="DirectInput.h">
      <Filter>x360ce\Header Files</Filter>
    </ClInclude>
    <ClInclude Include="globals.h">
      <Filter>x360ce\Header Files</Filter>
    </ClInclude>
    <ClInclude Include="Log.h">
      <Filter>x360ce\Header Files</Filter>
    </ClInclude>
    <ClInclude Include="resource.h">
      <Filter>x360ce\Header Files</Filter>
    </ClInclude>
    <ClInclude Include="stdafx.h">
      <Filter>x360ce\Header Files</Filter>
    </ClInclude>
    <ClInclude Include="targetver.h">
      <Filter>x360ce\Header Files</Filter>
    </ClInclude>
    <ClInclude Include="version.h">
      <Filter>x360ce\Header Files</Filter>
    </ClInclude>
    <ClInclude Include="x360ce.h">
      <Filter>x360ce\Header Files</Filter>
    </ClInclude>
  </ItemGroup>
  <ItemGroup>
    <Filter Include="InputHook">
      <UniqueIdentifier>{fdb33f5a-9e6e-4cd3-ade6-cbc97e23eb1d}</UniqueIdentifier>
    </Filter>
    <Filter Include="x360ce">
      <UniqueIdentifier>{fd81a978-ad0a-40cf-b53f-b9849a46ed58}</UniqueIdentifier>
    </Filter>
    <Filter Include="x360ce\Header Files">
      <UniqueIdentifier>{201387eb-73b1-4944-99d6-87de3afe8913}</UniqueIdentifier>
      <Extensions>h;hpp;hxx;hm;inl;inc;xsd</Extensions>
    </Filter>
    <Filter Include="x360ce\Source Files">
      <UniqueIdentifier>{bd40fb4f-4687-4d4e-b894-2d6bcc890685}</UniqueIdentifier>
      <Extensions>cpp;c;cc;cxx;def;odl;idl;hpj;bat;asm;asmx</Extensions>
    </Filter>
    <Filter Include="Utilities">
      <UniqueIdentifier>{3283c799-9d37-401b-8a6d-30154413c677}</UniqueIdentifier>
    </Filter>
  </ItemGroup>
  <ItemGroup>
    <None Include="x360ce.def">
      <Filter>x360ce</Filter>
    </None>
  </ItemGroup>
  <ItemGroup>
    <ResourceCompile Include="x360ce.rc">
      <Filter>x360ce</Filter>
    </ResourceCompile>
  </ItemGroup>
</Project>