
Microsoft Visual Studio Solution File, Format Version 12.00
# Visual Studio 2013
VisualStudioVersion = 12.0.31101.0
MinimumVisualStudioVersion = 10.0.40219.1
Project("{2150E333-8FDC-42A3-9474-1A3956D46DE8}") = "Support", "Support", "{C6A1E57B-367C-431A-8934-B11D17D88718}"
	ProjectSection(SolutionItems) = preProject
		x360ce\Support\changelog.txt = x360ce\Support\changelog.txt
		x360ce\Support\ReadMe.RTF = x360ce\Support\ReadMe.RTF
		x360ce\Support\usb-detection.pdf = x360ce\Support\usb-detection.pdf
		x360ce\Support\x360ce.gdb = x360ce\Support\x360ce.gdb
		x360ce\Support\x360ce.sample.ini = x360ce\Support\x360ce.sample.ini
		x360ce\Support\x360ce_gdb.info.txt = x360ce\Support\x360ce_gdb.info.txt
	EndProjectSection
EndProject
Project("{FAE04EC0-301F-11D3-BF4B-00C04F79EFBC}") = "x360ce.App", "x360ce.App\x360ce.App.csproj", "{1D4EDC24-FD61-4234-AE60-5FA676DDEC3C}"
EndProject
Project("{00D1A9C2-B5F0-4AF3-8072-F6C62B433612}") = "x360ce.Data", "x360ce.Data\x360ce.Data.sqlproj", "{2DB521F4-E49D-4E7A-B1B9-52A8ACD37415}"
EndProject
Project("{FAE04EC0-301F-11D3-BF4B-00C04F79EFBC}") = "x360ce.Web", "x360ce.Web\x360ce.Web.csproj", "{EE2589B6-B2F3-44F9-A95C-17EBF74788FB}"
EndProject
Project("{FAE04EC0-301F-11D3-BF4B-00C04F79EFBC}") = "x360ce.Engine", "x360ce.Engine\x360ce.Engine.csproj", "{F980D78A-9448-4834-A6FE-84797077D309}"
EndProject
Global
	GlobalSection(SolutionConfigurationPlatforms) = preSolution
		Debug|Any CPU = Debug|Any CPU
		Debug|x64 = Debug|x64
		Debug|x86 = Debug|x86
		Release|Any CPU = Release|Any CPU
		Release|x64 = Release|x64
		Release|x86 = Release|x86
	EndGlobalSection
	GlobalSection(ProjectConfigurationPlatforms) = postSolution
		{1D4EDC24-FD61-4234-AE60-5FA676DDEC3C}.Debug|Any CPU.ActiveCfg = Debug|Any CPU
		{1D4EDC24-FD61-4234-AE60-5FA676DDEC3C}.Debug|Any CPU.Build.0 = Debug|Any CPU
		{1D4EDC24-FD61-4234-AE60-5FA676DDEC3C}.Debug|x64.ActiveCfg = Debug|x64
		{1D4EDC24-FD61-4234-AE60-5FA676DDEC3C}.Debug|x64.Build.0 = Debug|x64
		{1D4EDC24-FD61-4234-AE60-5FA676DDEC3C}.Debug|x86.ActiveCfg = Debug|x86
		{1D4EDC24-FD61-4234-AE60-5FA676DDEC3C}.Debug|x86.Build.0 = Debug|x86
		{1D4EDC24-FD61-4234-AE60-5FA676DDEC3C}.Release|Any CPU.ActiveCfg = Release|Any CPU
		{1D4EDC24-FD61-4234-AE60-5FA676DDEC3C}.Release|Any CPU.Build.0 = Release|Any CPU
		{1D4EDC24-FD61-4234-AE60-5FA676DDEC3C}.Release|x64.ActiveCfg = Release|x64
		{1D4EDC24-FD61-4234-AE60-5FA676DDEC3C}.Release|x64.Build.0 = Release|x64
		{1D4EDC24-FD61-4234-AE60-5FA676DDEC3C}.Release|x86.ActiveCfg = Release|x86
		{1D4EDC24-FD61-4234-AE60-5FA676DDEC3C}.Release|x86.Build.0 = Release|x86
		{2DB521F4-E49D-4E7A-B1B9-52A8ACD37415}.Debug|Any CPU.ActiveCfg = Debug|Any CPU
		{2DB521F4-E49D-4E7A-B1B9-52A8ACD37415}.Debug|Any CPU.Build.0 = Debug|Any CPU
		{2DB521F4-E49D-4E7A-B1B9-52A8ACD37415}.Debug|x64.ActiveCfg = Debug|Any CPU
		{2DB521F4-E49D-4E7A-B1B9-52A8ACD37415}.Debug|x64.Build.0 = Debug|Any CPU
		{2DB521F4-E49D-4E7A-B1B9-52A8ACD37415}.Debug|x86.ActiveCfg = Debug|Any CPU
		{2DB521F4-E49D-4E7A-B1B9-52A8ACD37415}.Debug|x86.Build.0 = Debug|Any CPU
		{2DB521F4-E49D-4E7A-B1B9-52A8ACD37415}.Release|Any CPU.ActiveCfg = Release|Any CPU
		{2DB521F4-E49D-4E7A-B1B9-52A8ACD37415}.Release|Any CPU.Build.0 = Release|Any CPU
		{2DB521F4-E49D-4E7A-B1B9-52A8ACD37415}.Release|x64.ActiveCfg = Release|Any CPU
		{2DB521F4-E49D-4E7A-B1B9-52A8ACD37415}.Release|x64.Build.0 = Release|Any CPU
		{2DB521F4-E49D-4E7A-B1B9-52A8ACD37415}.Release|x86.ActiveCfg = Release|Any CPU
		{2DB521F4-E49D-4E7A-B1B9-52A8ACD37415}.Release|x86.Build.0 = Release|Any CPU
		{EE2589B6-B2F3-44F9-A95C-17EBF74788FB}.Debug|Any CPU.ActiveCfg = Debug|Any CPU
		{EE2589B6-B2F3-44F9-A95C-17EBF74788FB}.Debug|Any CPU.Build.0 = Debug|Any CPU
		{EE2589B6-B2F3-44F9-A95C-17EBF74788FB}.Debug|x64.ActiveCfg = Debug|Any CPU
		{EE2589B6-B2F3-44F9-A95C-17EBF74788FB}.Debug|x64.Build.0 = Debug|Any CPU
		{EE2589B6-B2F3-44F9-A95C-17EBF74788FB}.Debug|x86.ActiveCfg = Debug|Any CPU
		{EE2589B6-B2F3-44F9-A95C-17EBF74788FB}.Debug|x86.Build.0 = Debug|Any CPU
		{EE2589B6-B2F3-44F9-A95C-17EBF74788FB}.Release|Any CPU.ActiveCfg = Release|Any CPU
		{EE2589B6-B2F3-44F9-A95C-17EBF74788FB}.Release|Any CPU.Build.0 = Release|Any CPU
		{EE2589B6-B2F3-44F9-A95C-17EBF74788FB}.Release|x64.ActiveCfg = Release|Any CPU
		{EE2589B6-B2F3-44F9-A95C-17EBF74788FB}.Release|x64.Build.0 = Release|Any CPU
		{EE2589B6-B2F3-44F9-A95C-17EBF74788FB}.Release|x86.ActiveCfg = Release|Any CPU
		{EE2589B6-B2F3-44F9-A95C-17EBF74788FB}.Release|x86.Build.0 = Release|Any CPU
		{F980D78A-9448-4834-A6FE-84797077D309}.Debug|Any CPU.ActiveCfg = Debug|Any CPU
		{F980D78A-9448-4834-A6FE-84797077D309}.Debug|Any CPU.Build.0 = Debug|Any CPU
		{F980D78A-9448-4834-A6FE-84797077D309}.Debug|x64.ActiveCfg = Debug|Any CPU
		{F980D78A-9448-4834-A6FE-84797077D309}.Debug|x64.Build.0 = Debug|Any CPU
		{F980D78A-9448-4834-A6FE-84797077D309}.Debug|x86.ActiveCfg = Debug|Any CPU
		{F980D78A-9448-4834-A6FE-84797077D309}.Debug|x86.Build.0 = Debug|Any CPU
		{F980D78A-9448-4834-A6FE-84797077D309}.Release|Any CPU.ActiveCfg = Release|Any CPU
		{F980D78A-9448-4834-A6FE-84797077D309}.Release|Any CPU.Build.0 = Release|Any CPU
		{F980D78A-9448-4834-A6FE-84797077D309}.Release|x64.ActiveCfg = Release|Any CPU
		{F980D78A-9448-4834-A6FE-84797077D309}.Release|x64.Build.0 = Release|Any CPU
		{F980D78A-9448-4834-A6FE-84797077D309}.Release|x86.ActiveCfg = Release|Any CPU
		{F980D78A-9448-4834-A6FE-84797077D309}.Release|x86.Build.0 = Release|Any CPU
	EndGlobalSection
	GlobalSection(SolutionProperties) = preSolution
		HideSolutionNode = FALSE
	EndGlobalSection
EndGlobal
